
Microsoft Visual Studio Solution File, Format Version 12.00
# Visual Studio Version 17
VisualStudioVersion = 17.14.36429.23 d17.14
MinimumVisualStudioVersion = 10.0.40219.1
Project("{2150E333-8FDC-42A3-9474-1A3956D46DE8}") = "Task0", "Task0", "{02EA681E-C7D8-13C7-8484-4AC65E1B71E8}"
EndProject
Project("{2150E333-8FDC-42A3-9474-1A3956D46DE8}") = "Task1", "Task1", "{8BCAA7CA-BC0B-44D3-ACD5-F451EE003A66}"
EndProject
Project("{2150E333-8FDC-42A3-9474-1A3956D46DE8}") = "Task2", "Task2", "{05701FE4-EDF9-4329-A518-6EF31ED0871F}"
EndProject
Project("{2150E333-8FDC-42A3-9474-1A3956D46DE8}") = "Task3", "Task3", "{9E4D5DAB-DF7C-40D2-A3AD-F5732D14EA33}"
EndProject
Project("{2150E333-8FDC-42A3-9474-1A3956D46DE8}") = "Task4", "Task4", "{0E1E69A5-979D-4146-BD03-D66E05D1D583}"
EndProject
Project("{2150E333-8FDC-42A3-9474-1A3956D46DE8}") = "Task5", "Task5", "{08C8C08B-F74A-4F3C-B9EE-F77ACC4E090C}"
EndProject
Project("{2150E333-8FDC-42A3-9474-1A3956D46DE8}") = "Task6", "Task6", "{6CC1EF23-B355-4A1E-B303-0131067231A5}"
EndProject
Project("{2150E333-8FDC-42A3-9474-1A3956D46DE8}") = "Task7", "Task7", "{16C17D72-9F6D-4BC1-B74F-4DFD7ED84255}"
EndProject
Project("{FAE04EC0-301F-11D3-BF4B-00C04F79EFBC}") = "Tyuiu.Tidzhanin.Sprint3.Task0.V4", "Tyuiu.Tidzhanin.Sprint3.Task0.V4\Tyuiu.Tidzhanin.Sprint3.Task0.V4.csproj", "{F0DD067B-2D13-4570-B479-B7E40483A040}"
EndProject
Project("{FAE04EC0-301F-11D3-BF4B-00C04F79EFBC}") = "Tyuiu.Tidzhanin.Sprint3.Task0.V4.Lib", "Tyuiu.Tidzhanin.Sprint3.Task0.V4.Lib\Tyuiu.Tidzhanin.Sprint3.Task0.V4.Lib.csproj", "{099683D0-24EF-46B7-9697-489CF638DCA7}"
EndProject
Project("{FAE04EC0-301F-11D3-BF4B-00C04F79EFBC}") = "Tyuiu.Tidzhanin.Sprint3.Task0.V4.Test", "Tyuiu.Tidzhanin.Sprint3.Task0.V4.Test\Tyuiu.Tidzhanin.Sprint3.Task0.V4.Test.csproj", "{5B6A7234-5EFE-4461-B178-BD916FC3D81E}"
EndProject
Project("{FAE04EC0-301F-11D3-BF4B-00C04F79EFBC}") = "Tyuiu.Tidzhanin.Sprint3.Task1.V3", "Tyuiu.Tidzhanin.Sprint3.Task1.V3\Tyuiu.Tidzhanin.Sprint3.Task1.V3.csproj", "{BF8049FF-EA48-466E-AC0C-035B6A8737ED}"
EndProject
Project("{FAE04EC0-301F-11D3-BF4B-00C04F79EFBC}") = "Tyuiu.Tidzhanin.Sprint3.Task1.V3.Lib", "Tyuiu.Tidzhanin.Sprint3.Task1.V3.Lib\Tyuiu.Tidzhanin.Sprint3.Task1.V3.Lib.csproj", "{A01F6BDD-B071-4F9B-B310-F46341202B81}"
EndProject
Project("{FAE04EC0-301F-11D3-BF4B-00C04F79EFBC}") = "Tyuiu.Tidzhanin.Sprint3.Task1.V3.Test", "Tyuiu.Tidzhanin.Sprint3.Task1.V3.Test\Tyuiu.Tidzhanin.Sprint3.Task1.V3.Test.csproj", "{AF9871F0-FBFA-4741-A3CE-DF237A9E98CC}"
EndProject
Project("{FAE04EC0-301F-11D3-BF4B-00C04F79EFBC}") = "Tyuiu.Tidzhanin.Sprint3.Task2.V27", "Tyuiu.Tidzhanin.Sprint3.Task2.V27\Tyuiu.Tidzhanin.Sprint3.Task2.V27.csproj", "{ED595FAB-FEE3-496F-9F4F-15C175D8ADB6}"
EndProject
Project("{FAE04EC0-301F-11D3-BF4B-00C04F79EFBC}") = "Tyuiu.Tidzhanin.Sprint3.Task2.V27.Lib", "Tyuiu.Tidzhanin.Sprint3.Task2.V27.Lib\Tyuiu.Tidzhanin.Sprint3.Task2.V27.Lib.csproj", "{CE65EEC4-4AC5-491D-9DFC-E0D7DCF3AA5D}"
EndProject
Project("{FAE04EC0-301F-11D3-BF4B-00C04F79EFBC}") = "Tyuiu.Tidzhanin.Sprint3.Task2.V27.Test", "Tyuiu.Tidzhanin.Sprint3.Task2.V27.Test\Tyuiu.Tidzhanin.Sprint3.Task2.V27.Test.csproj", "{F308EA2D-E89C-4BE9-B5CC-5FF23CD360AD}"
EndProject
Project("{FAE04EC0-301F-11D3-BF4B-00C04F79EFBC}") = "Tyuiu.Tidzhanin.Sprint3.Task3.V18", "Tyuiu.Tidzhanin.Sprint3.Task3.V18\Tyuiu.Tidzhanin.Sprint3.Task3.V18.csproj", "{B96C1B12-8D83-40E6-BB37-C22BA2D0A50E}"
EndProject
Project("{FAE04EC0-301F-11D3-BF4B-00C04F79EFBC}") = "Tyuiu.Tidzhanin.Sprint3.Task3.V18.Lib", "Tyuiu.Tidzhanin.Sprint3.Task3.V18.Lib\Tyuiu.Tidzhanin.Sprint3.Task3.V18.Lib.csproj", "{8A61CA58-4626-4309-92EA-80D637852CFE}"
EndProject
Project("{FAE04EC0-301F-11D3-BF4B-00C04F79EFBC}") = "Tyuiu.Tidzhanin.Sprint3.Task3.V18.Test", "Tyuiu.Tidzhanin.Sprint3.Task3.V18.Test\Tyuiu.Tidzhanin.Sprint3.Task3.V18.Test.csproj", "{745BDF7B-F197-4528-ABF3-73482C73542D}"
EndProject
Project("{FAE04EC0-301F-11D3-BF4B-00C04F79EFBC}") = "Tyuiu.Tidzhanin.Sprint3.Task4.V15", "Tyuiu.Tidzhanin.Sprint3.Task4.V15\Tyuiu.Tidzhanin.Sprint3.Task4.V15.csproj", "{3CD224CF-74DF-4DEC-BD2F-7EED3989C1CA}"
EndProject
Project("{FAE04EC0-301F-11D3-BF4B-00C04F79EFBC}") = "Tyuiu.Tidzhanin.Sprint3.Task4.V15.Lib", "Tyuiu.Tidzhanin.Sprint3.Task4.V15.Lib\Tyuiu.Tidzhanin.Sprint3.Task4.V15.Lib.csproj", "{442F0642-9351-4B00-A8CD-43037403DCB6}"
EndProject
Project("{FAE04EC0-301F-11D3-BF4B-00C04F79EFBC}") = "Tyuiu.Tidzhanin.Sprint3.Task4.V15.Test", "Tyuiu.Tidzhanin.Sprint3.Task4.V15.Test\Tyuiu.Tidzhanin.Sprint3.Task4.V15.Test.csproj", "{B0B0FB86-1FAC-4501-A4BF-C2C31013A192}"
EndProject
Project("{FAE04EC0-301F-11D3-BF4B-00C04F79EFBC}") = "Tyuiu.Tidzhanin.Sprint3.Task5.V18", "Tyuiu.Tidzhanin.Sprint3.Task5.V18\Tyuiu.Tidzhanin.Sprint3.Task5.V18.csproj", "{DD99AF97-EFD4-4AA5-955B-2A1CCC9F5D27}"
EndProject
Project("{FAE04EC0-301F-11D3-BF4B-00C04F79EFBC}") = "Tyuiu.Tidzhanin.Sprint3.Task5.V18.Lib", "Tyuiu.Tidzhanin.Sprint3.Task5.V18.Lib\Tyuiu.Tidzhanin.Sprint3.Task5.V18.Lib.csproj", "{46B6550E-110B-4169-ABB6-33DCD77E4CC8}"
EndProject
Project("{FAE04EC0-301F-11D3-BF4B-00C04F79EFBC}") = "Tyuiu.Tidzhanin.Sprint3.Task5.V18.Test", "Tyuiu.Tidzhanin.Sprint3.Task5.V18.Test\Tyuiu.Tidzhanin.Sprint3.Task5.V18.Test.csproj", "{7D4FBA68-C242-42C3-94CE-FCEB74DC1325}"
EndProject
Global
	GlobalSection(SolutionConfigurationPlatforms) = preSolution
		Debug|Any CPU = Debug|Any CPU
		Release|Any CPU = Release|Any CPU
	EndGlobalSection
	GlobalSection(ProjectConfigurationPlatforms) = postSolution
		{F0DD067B-2D13-4570-B479-B7E40483A040}.Debug|Any CPU.ActiveCfg = Debug|Any CPU
		{F0DD067B-2D13-4570-B479-B7E40483A040}.Debug|Any CPU.Build.0 = Debug|Any CPU
		{F0DD067B-2D13-4570-B479-B7E40483A040}.Release|Any CPU.ActiveCfg = Release|Any CPU
		{F0DD067B-2D13-4570-B479-B7E40483A040}.Release|Any CPU.Build.0 = Release|Any CPU
		{099683D0-24EF-46B7-9697-489CF638DCA7}.Debug|Any CPU.ActiveCfg = Debug|Any CPU
		{099683D0-24EF-46B7-9697-489CF638DCA7}.Debug|Any CPU.Build.0 = Debug|Any CPU
		{099683D0-24EF-46B7-9697-489CF638DCA7}.Release|Any CPU.ActiveCfg = Release|Any CPU
		{099683D0-24EF-46B7-9697-489CF638DCA7}.Release|Any CPU.Build.0 = Release|Any CPU
		{5B6A7234-5EFE-4461-B178-BD916FC3D81E}.Debug|Any CPU.ActiveCfg = Debug|Any CPU
		{5B6A7234-5EFE-4461-B178-BD916FC3D81E}.Debug|Any CPU.Build.0 = Debug|Any CPU
		{5B6A7234-5EFE-4461-B178-BD916FC3D81E}.Release|Any CPU.ActiveCfg = Release|Any CPU
		{5B6A7234-5EFE-4461-B178-BD916FC3D81E}.Release|Any CPU.Build.0 = Release|Any CPU
		{BF8049FF-EA48-466E-AC0C-035B6A8737ED}.Debug|Any CPU.ActiveCfg = Debug|Any CPU
		{BF8049FF-EA48-466E-AC0C-035B6A8737ED}.Debug|Any CPU.Build.0 = Debug|Any CPU
		{BF8049FF-EA48-466E-AC0C-035B6A8737ED}.Release|Any CPU.ActiveCfg = Release|Any CPU
		{BF8049FF-EA48-466E-AC0C-035B6A8737ED}.Release|Any CPU.Build.0 = Release|Any CPU
		{A01F6BDD-B071-4F9B-B310-F46341202B81}.Debug|Any CPU.ActiveCfg = Debug|Any CPU
		{A01F6BDD-B071-4F9B-B310-F46341202B81}.Debug|Any CPU.Build.0 = Debug|Any CPU
		{A01F6BDD-B071-4F9B-B310-F46341202B81}.Release|Any CPU.ActiveCfg = Release|Any CPU
		{A01F6BDD-B071-4F9B-B310-F46341202B81}.Release|Any CPU.Build.0 = Release|Any CPU
		{AF9871F0-FBFA-4741-A3CE-DF237A9E98CC}.Debug|Any CPU.ActiveCfg = Debug|Any CPU
		{AF9871F0-FBFA-4741-A3CE-DF237A9E98CC}.Debug|Any CPU.Build.0 = Debug|Any CPU
		{AF9871F0-FBFA-4741-A3CE-DF237A9E98CC}.Release|Any CPU.ActiveCfg = Release|Any CPU
		{AF9871F0-FBFA-4741-A3CE-DF237A9E98CC}.Release|Any CPU.Build.0 = Release|Any CPU
		{ED595FAB-FEE3-496F-9F4F-15C175D8ADB6}.Debug|Any CPU.ActiveCfg = Debug|Any CPU
		{ED595FAB-FEE3-496F-9F4F-15C175D8ADB6}.Debug|Any CPU.Build.0 = Debug|Any CPU
		{ED595FAB-FEE3-496F-9F4F-15C175D8ADB6}.Release|Any CPU.ActiveCfg = Release|Any CPU
		{ED595FAB-FEE3-496F-9F4F-15C175D8ADB6}.Release|Any CPU.Build.0 = Release|Any CPU
		{CE65EEC4-4AC5-491D-9DFC-E0D7DCF3AA5D}.Debug|Any CPU.ActiveCfg = Debug|Any CPU
		{CE65EEC4-4AC5-491D-9DFC-E0D7DCF3AA5D}.Debug|Any CPU.Build.0 = Debug|Any CPU
		{CE65EEC4-4AC5-491D-9DFC-E0D7DCF3AA5D}.Release|Any CPU.ActiveCfg = Release|Any CPU
		{CE65EEC4-4AC5-491D-9DFC-E0D7DCF3AA5D}.Release|Any CPU.Build.0 = Release|Any CPU
		{F308EA2D-E89C-4BE9-B5CC-5FF23CD360AD}.Debug|Any CPU.ActiveCfg = Debug|Any CPU
		{F308EA2D-E89C-4BE9-B5CC-5FF23CD360AD}.Debug|Any CPU.Build.0 = Debug|Any CPU
		{F308EA2D-E89C-4BE9-B5CC-5FF23CD360AD}.Release|Any CPU.ActiveCfg = Release|Any CPU
		{F308EA2D-E89C-4BE9-B5CC-5FF23CD360AD}.Release|Any CPU.Build.0 = Release|Any CPU
		{B96C1B12-8D83-40E6-BB37-C22BA2D0A50E}.Debug|Any CPU.ActiveCfg = Debug|Any CPU
		{B96C1B12-8D83-40E6-BB37-C22BA2D0A50E}.Debug|Any CPU.Build.0 = Debug|Any CPU
		{B96C1B12-8D83-40E6-BB37-C22BA2D0A50E}.Release|Any CPU.ActiveCfg = Release|Any CPU
		{B96C1B12-8D83-40E6-BB37-C22BA2D0A50E}.Release|Any CPU.Build.0 = Release|Any CPU
		{8A61CA58-4626-4309-92EA-80D637852CFE}.Debug|Any CPU.ActiveCfg = Debug|Any CPU
		{8A61CA58-4626-4309-92EA-80D637852CFE}.Debug|Any CPU.Build.0 = Debug|Any CPU
		{8A61CA58-4626-4309-92EA-80D637852CFE}.Release|Any CPU.ActiveCfg = Release|Any CPU
		{8A61CA58-4626-4309-92EA-80D637852CFE}.Release|Any CPU.Build.0 = Release|Any CPU
		{745BDF7B-F197-4528-ABF3-73482C73542D}.Debug|Any CPU.ActiveCfg = Debug|Any CPU
		{745BDF7B-F197-4528-ABF3-73482C73542D}.Debug|Any CPU.Build.0 = Debug|Any CPU
		{745BDF7B-F197-4528-ABF3-73482C73542D}.Release|Any CPU.ActiveCfg = Release|Any CPU
		{745BDF7B-F197-4528-ABF3-73482C73542D}.Release|Any CPU.Build.0 = Release|Any CPU
		{3CD224CF-74DF-4DEC-BD2F-7EED3989C1CA}.Debug|Any CPU.ActiveCfg = Debug|Any CPU
		{3CD224CF-74DF-4DEC-BD2F-7EED3989C1CA}.Debug|Any CPU.Build.0 = Debug|Any CPU
		{3CD224CF-74DF-4DEC-BD2F-7EED3989C1CA}.Release|Any CPU.ActiveCfg = Release|Any CPU
		{3CD224CF-74DF-4DEC-BD2F-7EED3989C1CA}.Release|Any CPU.Build.0 = Release|Any CPU
		{442F0642-9351-4B00-A8CD-43037403DCB6}.Debug|Any CPU.ActiveCfg = Debug|Any CPU
		{442F0642-9351-4B00-A8CD-43037403DCB6}.Debug|Any CPU.Build.0 = Debug|Any CPU
		{442F0642-9351-4B00-A8CD-43037403DCB6}.Release|Any CPU.ActiveCfg = Release|Any CPU
		{442F0642-9351-4B00-A8CD-43037403DCB6}.Release|Any CPU.Build.0 = Release|Any CPU
		{B0B0FB86-1FAC-4501-A4BF-C2C31013A192}.Debug|Any CPU.ActiveCfg = Debug|Any CPU
		{B0B0FB86-1FAC-4501-A4BF-C2C31013A192}.Debug|Any CPU.Build.0 = Debug|Any CPU
		{B0B0FB86-1FAC-4501-A4BF-C2C31013A192}.Release|Any CPU.ActiveCfg = Release|Any CPU
		{B0B0FB86-1FAC-4501-A4BF-C2C31013A192}.Release|Any CPU.Build.0 = Release|Any CPU
		{DD99AF97-EFD4-4AA5-955B-2A1CCC9F5D27}.Debug|Any CPU.ActiveCfg = Debug|Any CPU
		{DD99AF97-EFD4-4AA5-955B-2A1CCC9F5D27}.Debug|Any CPU.Build.0 = Debug|Any CPU
		{DD99AF97-EFD4-4AA5-955B-2A1CCC9F5D27}.Release|Any CPU.ActiveCfg = Release|Any CPU
		{DD99AF97-EFD4-4AA5-955B-2A1CCC9F5D27}.Release|Any CPU.Build.0 = Release|Any CPU
		{46B6550E-110B-4169-ABB6-33DCD77E4CC8}.Debug|Any CPU.ActiveCfg = Debug|Any CPU
		{46B6550E-110B-4169-ABB6-33DCD77E4CC8}.Debug|Any CPU.Build.0 = Debug|Any CPU
		{46B6550E-110B-4169-ABB6-33DCD77E4CC8}.Release|Any CPU.ActiveCfg = Release|Any CPU
		{46B6550E-110B-4169-ABB6-33DCD77E4CC8}.Release|Any CPU.Build.0 = Release|Any CPU
		{7D4FBA68-C242-42C3-94CE-FCEB74DC1325}.Debug|Any CPU.ActiveCfg = Debug|Any CPU
		{7D4FBA68-C242-42C3-94CE-FCEB74DC1325}.Debug|Any CPU.Build.0 = Debug|Any CPU
		{7D4FBA68-C242-42C3-94CE-FCEB74DC1325}.Release|Any CPU.ActiveCfg = Release|Any CPU
		{7D4FBA68-C242-42C3-94CE-FCEB74DC1325}.Release|Any CPU.Build.0 = Release|Any CPU
	EndGlobalSection
	GlobalSection(SolutionProperties) = preSolution
		HideSolutionNode = FALSE
	EndGlobalSection
	GlobalSection(NestedProjects) = preSolution
		{F0DD067B-2D13-4570-B479-B7E40483A040} = {02EA681E-C7D8-13C7-8484-4AC65E1B71E8}
		{099683D0-24EF-46B7-9697-489CF638DCA7} = {02EA681E-C7D8-13C7-8484-4AC65E1B71E8}
		{5B6A7234-5EFE-4461-B178-BD916FC3D81E} = {02EA681E-C7D8-13C7-8484-4AC65E1B71E8}
		{BF8049FF-EA48-466E-AC0C-035B6A8737ED} = {8BCAA7CA-BC0B-44D3-ACD5-F451EE003A66}
		{A01F6BDD-B071-4F9B-B310-F46341202B81} = {8BCAA7CA-BC0B-44D3-ACD5-F451EE003A66}
		{AF9871F0-FBFA-4741-A3CE-DF237A9E98CC} = {8BCAA7CA-BC0B-44D3-ACD5-F451EE003A66}
		{ED595FAB-FEE3-496F-9F4F-15C175D8ADB6} = {05701FE4-EDF9-4329-A518-6EF31ED0871F}
		{CE65EEC4-4AC5-491D-9DFC-E0D7DCF3AA5D} = {05701FE4-EDF9-4329-A518-6EF31ED0871F}
		{F308EA2D-E89C-4BE9-B5CC-5FF23CD360AD} = {05701FE4-EDF9-4329-A518-6EF31ED0871F}
		{B96C1B12-8D83-40E6-BB37-C22BA2D0A50E} = {9E4D5DAB-DF7C-40D2-A3AD-F5732D14EA33}
		{8A61CA58-4626-4309-92EA-80D637852CFE} = {9E4D5DAB-DF7C-40D2-A3AD-F5732D14EA33}
		{745BDF7B-F197-4528-ABF3-73482C73542D} = {9E4D5DAB-DF7C-40D2-A3AD-F5732D14EA33}
		{3CD224CF-74DF-4DEC-BD2F-7EED3989C1CA} = {0E1E69A5-979D-4146-BD03-D66E05D1D583}
		{442F0642-9351-4B00-A8CD-43037403DCB6} = {0E1E69A5-979D-4146-BD03-D66E05D1D583}
		{B0B0FB86-1FAC-4501-A4BF-C2C31013A192} = {0E1E69A5-979D-4146-BD03-D66E05D1D583}
		{DD99AF97-EFD4-4AA5-955B-2A1CCC9F5D27} = {08C8C08B-F74A-4F3C-B9EE-F77ACC4E090C}
		{46B6550E-110B-4169-ABB6-33DCD77E4CC8} = {08C8C08B-F74A-4F3C-B9EE-F77ACC4E090C}
		{7D4FBA68-C242-42C3-94CE-FCEB74DC1325} = {08C8C08B-F74A-4F3C-B9EE-F77ACC4E090C}
	EndGlobalSection
	GlobalSection(ExtensibilityGlobals) = postSolution
		SolutionGuid = {E8C6042E-1596-49EA-9878-0E4D93D2FD92}
	EndGlobalSection
EndGlobal
